
Microsoft Visual Studio Solution File, Format Version 12.00
# Visual Studio 15
VisualStudioVersion = 15.0.27130.2036
MinimumVisualStudioVersion = 10.0.40219.1
Project("{FAE04EC0-301F-11D3-BF4B-00C04F79EFBC}") = "01SinoTheWalker", "01SinoTheWalker\01SinoTheWalker.csproj", "{FE2D8DFA-829E-4C88-9B47-B01840F9FA53}"
EndProject
Project("{FAE04EC0-301F-11D3-BF4B-00C04F79EFBC}") = "02SoftuniKaraoke", "02SoftuniKaraoke\02SoftuniKaraoke.csproj", "{D38731B8-F7D3-4AEA-A84D-02F824A0699C}"
EndProject
Project("{FAE04EC0-301F-11D3-BF4B-00C04F79EFBC}") = "03EnduranceRally", "03EnduranceRally\03EnduranceRally.csproj", "{182DE545-DF80-4B5D-BD37-5388EFA58F3A}"
EndProject
Project("{FAE04EC0-301F-11D3-BF4B-00C04F79EFBC}") = "04WinnigTickets", "04WinnigTickets\04WinnigTickets.csproj", "{64936517-BAA5-40D8-9BC7-C08B5B0CA6C5}"
EndProject
Global
	GlobalSection(SolutionConfigurationPlatforms) = preSolution
		Debug|Any CPU = Debug|Any CPU
		Release|Any CPU = Release|Any CPU
	EndGlobalSection
	GlobalSection(ProjectConfigurationPlatforms) = postSolution
		{FE2D8DFA-829E-4C88-9B47-B01840F9FA53}.Debug|Any CPU.ActiveCfg = Debug|Any CPU
		{FE2D8DFA-829E-4C88-9B47-B01840F9FA53}.Debug|Any CPU.Build.0 = Debug|Any CPU
		{FE2D8DFA-829E-4C88-9B47-B01840F9FA53}.Release|Any CPU.ActiveCfg = Release|Any CPU
		{FE2D8DFA-829E-4C88-9B47-B01840F9FA53}.Release|Any CPU.Build.0 = Release|Any CPU
		{D38731B8-F7D3-4AEA-A84D-02F824A0699C}.Debug|Any CPU.ActiveCfg = Debug|Any CPU
		{D38731B8-F7D3-4AEA-A84D-02F824A0699C}.Debug|Any CPU.Build.0 = Debug|Any CPU
		{D38731B8-F7D3-4AEA-A84D-02F824A0699C}.Release|Any CPU.ActiveCfg = Release|Any CPU
		{D38731B8-F7D3-4AEA-A84D-02F824A0699C}.Release|Any CPU.Build.0 = Release|Any CPU
		{182DE545-DF80-4B5D-BD37-5388EFA58F3A}.Debug|Any CPU.ActiveCfg = Debug|Any CPU
		{182DE545-DF80-4B5D-BD37-5388EFA58F3A}.Debug|Any CPU.Build.0 = Debug|Any CPU
		{182DE545-DF80-4B5D-BD37-5388EFA58F3A}.Release|Any CPU.ActiveCfg = Release|Any CPU
		{182DE545-DF80-4B5D-BD37-5388EFA58F3A}.Release|Any CPU.Build.0 = Release|Any CPU
		{64936517-BAA5-40D8-9BC7-C08B5B0CA6C5}.Debug|Any CPU.ActiveCfg = Debug|Any CPU
		{64936517-BAA5-40D8-9BC7-C08B5B0CA6C5}.Debug|Any CPU.Build.0 = Debug|Any CPU
		{64936517-BAA5-40D8-9BC7-C08B5B0CA6C5}.Release|Any CPU.ActiveCfg = Release|Any CPU
		{64936517-BAA5-40D8-9BC7-C08B5B0CA6C5}.Release|Any CPU.Build.0 = Release|Any CPU
	EndGlobalSection
	GlobalSection(SolutionProperties) = preSolution
		HideSolutionNode = FALSE
	EndGlobalSection
	GlobalSection(ExtensibilityGlobals) = postSolution
		SolutionGuid = {F90D2DF5-BBFC-49AF-BE24-D3315EA3E73A}
	EndGlobalSection
EndGlobal
