
Microsoft Visual Studio Solution File, Format Version 12.00
# Visual Studio 15
VisualStudioVersion = 15.0.27130.2036
MinimumVisualStudioVersion = 10.0.40219.1
Project("{FAE04EC0-301F-11D3-BF4B-00C04F79EFBC}") = "01LargestCommonEnd", "01LargestCommonEnd\01LargestCommonEnd.csproj", "{F38F0246-92D2-41B7-8D31-55FD7CC01DD8}"
EndProject
Project("{FAE04EC0-301F-11D3-BF4B-00C04F79EFBC}") = "02RotateAndSum", "02RotateAndSum\02RotateAndSum.csproj", "{98E238F4-78BE-4200-99FC-D8EE9477A9E5}"
EndProject
Project("{FAE04EC0-301F-11D3-BF4B-00C04F79EFBC}") = "00Test", "00Test\00Test.csproj", "{FC24E3BF-5A8C-4ACE-89FF-FED51C0B8304}"
EndProject
Project("{FAE04EC0-301F-11D3-BF4B-00C04F79EFBC}") = "03FoldAndSum", "03FoldAndSum\03FoldAndSum.csproj", "{33D55CF3-E118-4555-AA02-075AC54DB91B}"
EndProject
Project("{FAE04EC0-301F-11D3-BF4B-00C04F79EFBC}") = "04SieveOfErathosten", "04SieveOfErathosten\04SieveOfErathosten.csproj", "{BC69FE12-BEF2-4721-8EE5-08D7968375DD}"
EndProject
Project("{FAE04EC0-301F-11D3-BF4B-00C04F79EFBC}") = "05CompareCharArrays", "05CompareCharArrays\05CompareCharArrays.csproj", "{DB54EDFC-AB6F-445F-B895-D7AE79D440DE}"
EndProject
Project("{FAE04EC0-301F-11D3-BF4B-00C04F79EFBC}") = "06MaxSequence", "06MaxSequence\06MaxSequence.csproj", "{25117414-1E37-402A-B00B-B4D7488F8E11}"
EndProject
Global
	GlobalSection(SolutionConfigurationPlatforms) = preSolution
		Debug|Any CPU = Debug|Any CPU
		Release|Any CPU = Release|Any CPU
	EndGlobalSection
	GlobalSection(ProjectConfigurationPlatforms) = postSolution
		{F38F0246-92D2-41B7-8D31-55FD7CC01DD8}.Debug|Any CPU.ActiveCfg = Debug|Any CPU
		{F38F0246-92D2-41B7-8D31-55FD7CC01DD8}.Debug|Any CPU.Build.0 = Debug|Any CPU
		{F38F0246-92D2-41B7-8D31-55FD7CC01DD8}.Release|Any CPU.ActiveCfg = Release|Any CPU
		{F38F0246-92D2-41B7-8D31-55FD7CC01DD8}.Release|Any CPU.Build.0 = Release|Any CPU
		{98E238F4-78BE-4200-99FC-D8EE9477A9E5}.Debug|Any CPU.ActiveCfg = Debug|Any CPU
		{98E238F4-78BE-4200-99FC-D8EE9477A9E5}.Debug|Any CPU.Build.0 = Debug|Any CPU
		{98E238F4-78BE-4200-99FC-D8EE9477A9E5}.Release|Any CPU.ActiveCfg = Release|Any CPU
		{98E238F4-78BE-4200-99FC-D8EE9477A9E5}.Release|Any CPU.Build.0 = Release|Any CPU
		{FC24E3BF-5A8C-4ACE-89FF-FED51C0B8304}.Debug|Any CPU.ActiveCfg = Debug|Any CPU
		{FC24E3BF-5A8C-4ACE-89FF-FED51C0B8304}.Debug|Any CPU.Build.0 = Debug|Any CPU
		{FC24E3BF-5A8C-4ACE-89FF-FED51C0B8304}.Release|Any CPU.ActiveCfg = Release|Any CPU
		{FC24E3BF-5A8C-4ACE-89FF-FED51C0B8304}.Release|Any CPU.Build.0 = Release|Any CPU
		{33D55CF3-E118-4555-AA02-075AC54DB91B}.Debug|Any CPU.ActiveCfg = Debug|Any CPU
		{33D55CF3-E118-4555-AA02-075AC54DB91B}.Debug|Any CPU.Build.0 = Debug|Any CPU
		{33D55CF3-E118-4555-AA02-075AC54DB91B}.Release|Any CPU.ActiveCfg = Release|Any CPU
		{33D55CF3-E118-4555-AA02-075AC54DB91B}.Release|Any CPU.Build.0 = Release|Any CPU
		{BC69FE12-BEF2-4721-8EE5-08D7968375DD}.Debug|Any CPU.ActiveCfg = Debug|Any CPU
		{BC69FE12-BEF2-4721-8EE5-08D7968375DD}.Debug|Any CPU.Build.0 = Debug|Any CPU
		{BC69FE12-BEF2-4721-8EE5-08D7968375DD}.Release|Any CPU.ActiveCfg = Release|Any CPU
		{BC69FE12-BEF2-4721-8EE5-08D7968375DD}.Release|Any CPU.Build.0 = Release|Any CPU
		{DB54EDFC-AB6F-445F-B895-D7AE79D440DE}.Debug|Any CPU.ActiveCfg = Debug|Any CPU
		{DB54EDFC-AB6F-445F-B895-D7AE79D440DE}.Debug|Any CPU.Build.0 = Debug|Any CPU
		{DB54EDFC-AB6F-445F-B895-D7AE79D440DE}.Release|Any CPU.ActiveCfg = Release|Any CPU
		{DB54EDFC-AB6F-445F-B895-D7AE79D440DE}.Release|Any CPU.Build.0 = Release|Any CPU
		{25117414-1E37-402A-B00B-B4D7488F8E11}.Debug|Any CPU.ActiveCfg = Debug|Any CPU
		{25117414-1E37-402A-B00B-B4D7488F8E11}.Debug|Any CPU.Build.0 = Debug|Any CPU
		{25117414-1E37-402A-B00B-B4D7488F8E11}.Release|Any CPU.ActiveCfg = Release|Any CPU
		{25117414-1E37-402A-B00B-B4D7488F8E11}.Release|Any CPU.Build.0 = Release|Any CPU
	EndGlobalSection
	GlobalSection(SolutionProperties) = preSolution
		HideSolutionNode = FALSE
	EndGlobalSection
	GlobalSection(ExtensibilityGlobals) = postSolution
		SolutionGuid = {8D106D31-B86C-43BC-B12B-2AFB3C16C877}
	EndGlobalSection
EndGlobal
