
Microsoft Visual Studio Solution File, Format Version 12.00
# Visual Studio 15
VisualStudioVersion = 15.0.27130.2036
MinimumVisualStudioVersion = 10.0.40219.1
Project("{FAE04EC0-301F-11D3-BF4B-00C04F79EFBC}") = "00Tests", "00Tests\00Tests.csproj", "{3C8034FE-2801-4EF1-9F3E-EF1574268B2D}"
EndProject
Project("{FAE04EC0-301F-11D3-BF4B-00C04F79EFBC}") = "01RemoveReverse", "01RemoveReverse\01RemoveReverse.csproj", "{8216F723-FF3F-4CAB-929E-A5CC0D690963}"
EndProject
Global
	GlobalSection(SolutionConfigurationPlatforms) = preSolution
		Debug|Any CPU = Debug|Any CPU
		Release|Any CPU = Release|Any CPU
	EndGlobalSection
	GlobalSection(ProjectConfigurationPlatforms) = postSolution
		{3C8034FE-2801-4EF1-9F3E-EF1574268B2D}.Debug|Any CPU.ActiveCfg = Debug|Any CPU
		{3C8034FE-2801-4EF1-9F3E-EF1574268B2D}.Debug|Any CPU.Build.0 = Debug|Any CPU
		{3C8034FE-2801-4EF1-9F3E-EF1574268B2D}.Release|Any CPU.ActiveCfg = Release|Any CPU
		{3C8034FE-2801-4EF1-9F3E-EF1574268B2D}.Release|Any CPU.Build.0 = Release|Any CPU
		{8216F723-FF3F-4CAB-929E-A5CC0D690963}.Debug|Any CPU.ActiveCfg = Debug|Any CPU
		{8216F723-FF3F-4CAB-929E-A5CC0D690963}.Debug|Any CPU.Build.0 = Debug|Any CPU
		{8216F723-FF3F-4CAB-929E-A5CC0D690963}.Release|Any CPU.ActiveCfg = Release|Any CPU
		{8216F723-FF3F-4CAB-929E-A5CC0D690963}.Release|Any CPU.Build.0 = Release|Any CPU
	EndGlobalSection
	GlobalSection(SolutionProperties) = preSolution
		HideSolutionNode = FALSE
	EndGlobalSection
	GlobalSection(ExtensibilityGlobals) = postSolution
		SolutionGuid = {E7FCFD4C-EB85-45B1-958F-299FF37CEA4E}
	EndGlobalSection
EndGlobal
