
Microsoft Visual Studio Solution File, Format Version 12.00
# Visual Studio 15
VisualStudioVersion = 15.0.27130.2036
MinimumVisualStudioVersion = 10.0.40219.1
Project("{FAE04EC0-301F-11D3-BF4B-00C04F79EFBC}") = "01Debit CardNumber", "01Debit CardNumber\01Debit CardNumber.csproj", "{651DA03E-83B1-4592-8656-8AF17860E5FC}"
EndProject
Project("{FAE04EC0-301F-11D3-BF4B-00C04F79EFBC}") = "02RectangleArea", "02RectangleArea\02RectangleArea.csproj", "{BA68D83D-4426-4419-A2B5-9E16C29D6CD6}"
EndProject
Project("{FAE04EC0-301F-11D3-BF4B-00C04F79EFBC}") = "03MilesToKilometers", "03MilesToKilometers\03MilesToKilometers.csproj", "{5FB25312-C83F-44DA-B723-92FC53DD1314}"
EndProject
Project("{FAE04EC0-301F-11D3-BF4B-00C04F79EFBC}") = "04BevarageLabels", "04BevarageLabels\04BevarageLabels.csproj", "{43129E96-F9CF-467B-AACB-9EF7D03855BE}"
EndProject
Project("{FAE04EC0-301F-11D3-BF4B-00C04F79EFBC}") = "05CharachterStats", "05CharachterStats\05CharachterStats.csproj", "{5E80DA96-E0A1-4BA5-BA51-4313E78B280E}"
EndProject
Global
	GlobalSection(SolutionConfigurationPlatforms) = preSolution
		Debug|Any CPU = Debug|Any CPU
		Release|Any CPU = Release|Any CPU
	EndGlobalSection
	GlobalSection(ProjectConfigurationPlatforms) = postSolution
		{651DA03E-83B1-4592-8656-8AF17860E5FC}.Debug|Any CPU.ActiveCfg = Debug|Any CPU
		{651DA03E-83B1-4592-8656-8AF17860E5FC}.Debug|Any CPU.Build.0 = Debug|Any CPU
		{651DA03E-83B1-4592-8656-8AF17860E5FC}.Release|Any CPU.ActiveCfg = Release|Any CPU
		{651DA03E-83B1-4592-8656-8AF17860E5FC}.Release|Any CPU.Build.0 = Release|Any CPU
		{BA68D83D-4426-4419-A2B5-9E16C29D6CD6}.Debug|Any CPU.ActiveCfg = Debug|Any CPU
		{BA68D83D-4426-4419-A2B5-9E16C29D6CD6}.Debug|Any CPU.Build.0 = Debug|Any CPU
		{BA68D83D-4426-4419-A2B5-9E16C29D6CD6}.Release|Any CPU.ActiveCfg = Release|Any CPU
		{BA68D83D-4426-4419-A2B5-9E16C29D6CD6}.Release|Any CPU.Build.0 = Release|Any CPU
		{5FB25312-C83F-44DA-B723-92FC53DD1314}.Debug|Any CPU.ActiveCfg = Debug|Any CPU
		{5FB25312-C83F-44DA-B723-92FC53DD1314}.Debug|Any CPU.Build.0 = Debug|Any CPU
		{5FB25312-C83F-44DA-B723-92FC53DD1314}.Release|Any CPU.ActiveCfg = Release|Any CPU
		{5FB25312-C83F-44DA-B723-92FC53DD1314}.Release|Any CPU.Build.0 = Release|Any CPU
		{43129E96-F9CF-467B-AACB-9EF7D03855BE}.Debug|Any CPU.ActiveCfg = Debug|Any CPU
		{43129E96-F9CF-467B-AACB-9EF7D03855BE}.Debug|Any CPU.Build.0 = Debug|Any CPU
		{43129E96-F9CF-467B-AACB-9EF7D03855BE}.Release|Any CPU.ActiveCfg = Release|Any CPU
		{43129E96-F9CF-467B-AACB-9EF7D03855BE}.Release|Any CPU.Build.0 = Release|Any CPU
		{5E80DA96-E0A1-4BA5-BA51-4313E78B280E}.Debug|Any CPU.ActiveCfg = Debug|Any CPU
		{5E80DA96-E0A1-4BA5-BA51-4313E78B280E}.Debug|Any CPU.Build.0 = Debug|Any CPU
		{5E80DA96-E0A1-4BA5-BA51-4313E78B280E}.Release|Any CPU.ActiveCfg = Release|Any CPU
		{5E80DA96-E0A1-4BA5-BA51-4313E78B280E}.Release|Any CPU.Build.0 = Release|Any CPU
	EndGlobalSection
	GlobalSection(SolutionProperties) = preSolution
		HideSolutionNode = FALSE
	EndGlobalSection
	GlobalSection(ExtensibilityGlobals) = postSolution
		SolutionGuid = {151538BC-9001-4F69-AC83-8CB21AC2D640}
	EndGlobalSection
EndGlobal
